
Microsoft Visual Studio Solution File, Format Version 12.00
# Visual Studio 15
VisualStudioVersion = 15.0.28307.271
MinimumVisualStudioVersion = 10.0.40219.1
Project("{FAE04EC0-301F-11D3-BF4B-00C04F79EFBC}") = "Unix_cat", "Unix_cat\Unix_cat.csproj", "{0122FBAD-BE99-4548-AB27-4650AC40A24A}"
EndProject
Project("{FAE04EC0-301F-11D3-BF4B-00C04F79EFBC}") = "Helper", "Helper\Helper.csproj", "{50BB8C88-B629-4E03-BC32-12704ECADA2D}"
EndProject
Global
	GlobalSection(SolutionConfigurationPlatforms) = preSolution
		Debug|Any CPU = Debug|Any CPU
		Release|Any CPU = Release|Any CPU
	EndGlobalSection
	GlobalSection(ProjectConfigurationPlatforms) = postSolution
		{0122FBAD-BE99-4548-AB27-4650AC40A24A}.Debug|Any CPU.ActiveCfg = Debug|Any CPU
		{0122FBAD-BE99-4548-AB27-4650AC40A24A}.Debug|Any CPU.Build.0 = Debug|Any CPU
		{0122FBAD-BE99-4548-AB27-4650AC40A24A}.Release|Any CPU.ActiveCfg = Release|Any CPU
		{0122FBAD-BE99-4548-AB27-4650AC40A24A}.Release|Any CPU.Build.0 = Release|Any CPU
		{50BB8C88-B629-4E03-BC32-12704ECADA2D}.Debug|Any CPU.ActiveCfg = Debug|Any CPU
		{50BB8C88-B629-4E03-BC32-12704ECADA2D}.Debug|Any CPU.Build.0 = Debug|Any CPU
		{50BB8C88-B629-4E03-BC32-12704ECADA2D}.Release|Any CPU.ActiveCfg = Release|Any CPU
		{50BB8C88-B629-4E03-BC32-12704ECADA2D}.Release|Any CPU.Build.0 = Release|Any CPU
	EndGlobalSection
	GlobalSection(SolutionProperties) = preSolution
		HideSolutionNode = FALSE
	EndGlobalSection
	GlobalSection(ExtensibilityGlobals) = postSolution
		SolutionGuid = {3C325C5F-36AD-4C27-A704-500ABA1F49BF}
	EndGlobalSection
EndGlobal
